Microsoft Visual Studio Solution File, Format Version 12.00
# Visual Studio Version 17
VisualStudioVersion = 17.5.2.0
MinimumVisualStudioVersion = 10.0.40219.1
Project("{FAE04EC0-301F-11D3-BF4B-00C04F79EFBC}") = "MyCodeforcesApp", "_Template\MyCodeforcesApp.csproj", "{2EBC164F-FB80-F009-EA1B-B004F3052A6C}"
EndProject
Global
	GlobalSection(SolutionConfigurationPlatforms) = preSolution
		Debug|Any CPU = Debug|Any CPU
		Release|Any CPU = Release|Any CPU
	EndGlobalSection
	GlobalSection(ProjectConfigurationPlatforms) = postSolution
		{2EBC164F-FB80-F009-EA1B-B004F3052A6C}.Debug|Any CPU.ActiveCfg = Debug|Any CPU
		{2EBC164F-FB80-F009-EA1B-B004F3052A6C}.Debug|Any CPU.Build.0 = Debug|Any CPU
		{2EBC164F-FB80-F009-EA1B-B004F3052A6C}.Release|Any CPU.ActiveCfg = Release|Any CPU
		{2EBC164F-FB80-F009-EA1B-B004F3052A6C}.Release|Any CPU.Build.0 = Release|Any CPU
	EndGlobalSection
	GlobalSection(SolutionProperties) = preSolution
		HideSolutionNode = FALSE
	EndGlobalSection
	GlobalSection(ExtensibilityGlobals) = postSolution
		SolutionGuid = {A02DE19C-D13A-4AB3-ADA5-0F709DAF3346}
	EndGlobalSection
EndGlobal
